
Microsoft Visual Studio Solution File, Format Version 12.00
# Visual Studio 15
VisualStudioVersion = 15.0.26730.12
MinimumVisualStudioVersion = 10.0.40219.1
Project("{2150E333-8FDC-42A3-9474-1A3956D46DE8}") = "Solution Items", "Solution Items", "{367E3926-4D20-4FEB-A035-4C165D2E708E}"
	ProjectSection(SolutionItems) = preProject
		..\.gitattributes = ..\.gitattributes
		..\.gitignore = ..\.gitignore
		..\build\build.bat = ..\build\build.bat
		Directory.Build.props = Directory.Build.props
		..\License.txt = ..\License.txt
		..\README.md = ..\README.md
		..\version.json = ..\version.json
	EndProjectSection
EndProject
Project("{9A19103F-16F7-4668-BE54-9A1E7A4F7556}") = "Arbor.Aesculus.Core", "Arbor.Aesculus.Core\Arbor.Aesculus.Core.csproj", "{36AABD72-8885-42E9-90DA-4733CAD058EA}"
EndProject
Project("{9A19103F-16F7-4668-BE54-9A1E7A4F7556}") = "Arbor.Aesculus.Tests.Integration", "Arbor.Aesculus.Tests.Integration\Arbor.Aesculus.Tests.Integration.csproj", "{130AB51C-5975-4528-BD4C-24865667B0C1}"
EndProject
Project("{FAE04EC0-301F-11D3-BF4B-00C04F79EFBC}") = "Arbor.Aesculus.NCrunch", "Arbor.Aesculus.NCrunch\Arbor.Aesculus.NCrunch.csproj", "{10DA3738-F30C-4CE8-99F7-83EF35F3806B}"
EndProject
Global
	GlobalSection(SolutionConfigurationPlatforms) = preSolution
		Debug|Any CPU = Debug|Any CPU
		Release|Any CPU = Release|Any CPU
	EndGlobalSection
	GlobalSection(ProjectConfigurationPlatforms) = postSolution
		{36AABD72-8885-42E9-90DA-4733CAD058EA}.Debug|Any CPU.ActiveCfg = Debug|Any CPU
		{36AABD72-8885-42E9-90DA-4733CAD058EA}.Debug|Any CPU.Build.0 = Debug|Any CPU
		{36AABD72-8885-42E9-90DA-4733CAD058EA}.Release|Any CPU.ActiveCfg = Release|Any CPU
		{36AABD72-8885-42E9-90DA-4733CAD058EA}.Release|Any CPU.Build.0 = Release|Any CPU
		{130AB51C-5975-4528-BD4C-24865667B0C1}.Debug|Any CPU.ActiveCfg = Debug|Any CPU
		{130AB51C-5975-4528-BD4C-24865667B0C1}.Debug|Any CPU.Build.0 = Debug|Any CPU
		{130AB51C-5975-4528-BD4C-24865667B0C1}.Release|Any CPU.ActiveCfg = Release|Any CPU
		{130AB51C-5975-4528-BD4C-24865667B0C1}.Release|Any CPU.Build.0 = Release|Any CPU
		{10DA3738-F30C-4CE8-99F7-83EF35F3806B}.Debug|Any CPU.ActiveCfg = Debug|Any CPU
		{10DA3738-F30C-4CE8-99F7-83EF35F3806B}.Debug|Any CPU.Build.0 = Debug|Any CPU
		{10DA3738-F30C-4CE8-99F7-83EF35F3806B}.Release|Any CPU.ActiveCfg = Release|Any CPU
		{10DA3738-F30C-4CE8-99F7-83EF35F3806B}.Release|Any CPU.Build.0 = Release|Any CPU
	EndGlobalSection
	GlobalSection(SolutionProperties) = preSolution
		HideSolutionNode = FALSE
	EndGlobalSection
	GlobalSection(ExtensibilityGlobals) = postSolution
		SolutionGuid = {CFA478D9-D565-401F-B04D-283F59AE3B96}
	EndGlobalSection
EndGlobal
